
Microsoft Visual Studio Solution File, Format Version 12.00
# Visual Studio Version 17
VisualStudioVersion = 17.9.34728.123
MinimumVisualStudioVersion = 10.0.40219.1
Project("{FAE04EC0-301F-11D3-BF4B-00C04F79EFBC}") = "FinLightSA.API", "FinLightSA.API.csproj", "{909344B1-D1E0-4839-A720-15F6F71AD6CE}"
EndProject
Global
	GlobalSection(SolutionConfigurationPlatforms) = preSolution
		Debug|Any CPU = Debug|Any CPU
		Release|Any CPU = Release|Any CPU
	EndGlobalSection
	GlobalSection(ProjectConfigurationPlatforms) = postSolution
		{909344B1-D1E0-4839-A720-15F6F71AD6CE}.Debug|Any CPU.ActiveCfg = Debug|Any CPU
		{909344B1-D1E0-4839-A720-15F6F71AD6CE}.Debug|Any CPU.Build.0 = Debug|Any CPU
		{909344B1-D1E0-4839-A720-15F6F71AD6CE}.Release|Any CPU.ActiveCfg = Release|Any CPU
		{909344B1-D1E0-4839-A720-15F6F71AD6CE}.Release|Any CPU.Build.0 = Release|Any CPU
	EndGlobalSection
	GlobalSection(SolutionProperties) = preSolution
		HideSolutionNode = FALSE
	EndGlobalSection
	GlobalSection(ExtensibilityGlobals) = postSolution
		SolutionGuid = {C360E31E-ACBD-4B10-966A-C3E308F640E3}
	EndGlobalSection
EndGlobal
