
Microsoft Visual Studio Solution File, Format Version 12.00
# Visual Studio Version 17
VisualStudioVersion = 17.0.31903.59
MinimumVisualStudioVersion = 10.0.40219.1
Project("{2150E333-8FDC-42A3-9474-1A3956D46DE8}") = "backend", "backend", "{BE1C5F69-8859-43D5-BAF9-C5DB2AF84CCB}"
EndProject
Project("{FAE04EC0-301F-11D3-BF4B-00C04F79EFBC}") = "FinLightSA.API", "backend\FinLightSA.API\FinLightSA.API.csproj", "{8730C2AB-A653-43D5-96F4-19C984145ED4}"
EndProject
Project("{FAE04EC0-301F-11D3-BF4B-00C04F79EFBC}") = "FinLightSA.Core", "backend\FinLightSA.Core\FinLightSA.Core.csproj", "{BF6C31B8-8EE8-47A5-A98C-A6EFC3DBC60A}"
EndProject
Project("{FAE04EC0-301F-11D3-BF4B-00C04F79EFBC}") = "FinLightSA.Infrastructure", "backend\FinLightSA.Infrastructure\FinLightSA.Infrastructure.csproj", "{2593F260-C177-40EA-80DE-2A8AA83941BA}"
EndProject
Project("{FAE04EC0-301F-11D3-BF4B-00C04F79EFBC}") = "FinLightSA.Tests", "backend\FinLightSA.Tests\FinLightSA.Tests.csproj", "{6F29AC88-CACE-4E26-B1DC-05BBED37663E}"
EndProject
Global
	GlobalSection(SolutionConfigurationPlatforms) = preSolution
		Debug|Any CPU = Debug|Any CPU
		Release|Any CPU = Release|Any CPU
	EndGlobalSection
	GlobalSection(SolutionProperties) = preSolution
		HideSolutionNode = FALSE
	EndGlobalSection
	GlobalSection(ProjectConfigurationPlatforms) = postSolution
		{8730C2AB-A653-43D5-96F4-19C984145ED4}.Debug|Any CPU.ActiveCfg = Debug|Any CPU
		{8730C2AB-A653-43D5-96F4-19C984145ED4}.Debug|Any CPU.Build.0 = Debug|Any CPU
		{8730C2AB-A653-43D5-96F4-19C984145ED4}.Release|Any CPU.ActiveCfg = Release|Any CPU
		{8730C2AB-A653-43D5-96F4-19C984145ED4}.Release|Any CPU.Build.0 = Release|Any CPU
		{BF6C31B8-8EE8-47A5-A98C-A6EFC3DBC60A}.Debug|Any CPU.ActiveCfg = Debug|Any CPU
		{BF6C31B8-8EE8-47A5-A98C-A6EFC3DBC60A}.Debug|Any CPU.Build.0 = Debug|Any CPU
		{BF6C31B8-8EE8-47A5-A98C-A6EFC3DBC60A}.Release|Any CPU.ActiveCfg = Release|Any CPU
		{BF6C31B8-8EE8-47A5-A98C-A6EFC3DBC60A}.Release|Any CPU.Build.0 = Release|Any CPU
		{2593F260-C177-40EA-80DE-2A8AA83941BA}.Debug|Any CPU.ActiveCfg = Debug|Any CPU
		{2593F260-C177-40EA-80DE-2A8AA83941BA}.Debug|Any CPU.Build.0 = Debug|Any CPU
		{2593F260-C177-40EA-80DE-2A8AA83941BA}.Release|Any CPU.ActiveCfg = Release|Any CPU
		{2593F260-C177-40EA-80DE-2A8AA83941BA}.Release|Any CPU.Build.0 = Release|Any CPU
		{6F29AC88-CACE-4E26-B1DC-05BBED37663E}.Debug|Any CPU.ActiveCfg = Debug|Any CPU
		{6F29AC88-CACE-4E26-B1DC-05BBED37663E}.Debug|Any CPU.Build.0 = Debug|Any CPU
		{6F29AC88-CACE-4E26-B1DC-05BBED37663E}.Release|Any CPU.ActiveCfg = Release|Any CPU
		{6F29AC88-CACE-4E26-B1DC-05BBED37663E}.Release|Any CPU.Build.0 = Release|Any CPU
	EndGlobalSection
	GlobalSection(NestedProjects) = preSolution
		{8730C2AB-A653-43D5-96F4-19C984145ED4} = {BE1C5F69-8859-43D5-BAF9-C5DB2AF84CCB}
		{BF6C31B8-8EE8-47A5-A98C-A6EFC3DBC60A} = {BE1C5F69-8859-43D5-BAF9-C5DB2AF84CCB}
		{2593F260-C177-40EA-80DE-2A8AA83941BA} = {BE1C5F69-8859-43D5-BAF9-C5DB2AF84CCB}
		{6F29AC88-CACE-4E26-B1DC-05BBED37663E} = {BE1C5F69-8859-43D5-BAF9-C5DB2AF84CCB}
	EndGlobalSection
EndGlobal
