Microsoft Visual Studio Solution File, Format Version 12.00
# Visual Studio Version 17
VisualStudioVersion = 17.5.2.0
MinimumVisualStudioVersion = 10.0.40219.1
Project("{FAE04EC0-301F-11D3-BF4B-00C04F79EFBC}") = "FinLightSA.API", "FinLightSA.API\FinLightSA.API.csproj", "{AE6CA85E-84BA-2C61-64AA-044FF9BD7C30}"
EndProject
Project("{FAE04EC0-301F-11D3-BF4B-00C04F79EFBC}") = "FinLightSA.Core", "FinLightSA.Core\FinLightSA.Core.csproj", "{972DB89D-5806-5BE2-52CB-52A7328FB11F}"
EndProject
Project("{FAE04EC0-301F-11D3-BF4B-00C04F79EFBC}") = "FinLightSA.Infrastructure", "FinLightSA.Infrastructure\FinLightSA.Infrastructure.csproj", "{231B7CDB-8321-1AE4-EEE4-28556AF19D69}"
EndProject
Project("{FAE04EC0-301F-11D3-BF4B-00C04F79EFBC}") = "FinLightSA.Tests", "FinLightSA.Tests\FinLightSA.Tests.csproj", "{12319B66-D903-DF28-46AB-4EAD81CB9385}"
EndProject
Global
	GlobalSection(SolutionConfigurationPlatforms) = preSolution
		Debug|Any CPU = Debug|Any CPU
		Release|Any CPU = Release|Any CPU
	EndGlobalSection
	GlobalSection(ProjectConfigurationPlatforms) = postSolution
		{AE6CA85E-84BA-2C61-64AA-044FF9BD7C30}.Debug|Any CPU.ActiveCfg = Debug|Any CPU
		{AE6CA85E-84BA-2C61-64AA-044FF9BD7C30}.Debug|Any CPU.Build.0 = Debug|Any CPU
		{AE6CA85E-84BA-2C61-64AA-044FF9BD7C30}.Release|Any CPU.ActiveCfg = Release|Any CPU
		{AE6CA85E-84BA-2C61-64AA-044FF9BD7C30}.Release|Any CPU.Build.0 = Release|Any CPU
		{972DB89D-5806-5BE2-52CB-52A7328FB11F}.Debug|Any CPU.ActiveCfg = Debug|Any CPU
		{972DB89D-5806-5BE2-52CB-52A7328FB11F}.Debug|Any CPU.Build.0 = Debug|Any CPU
		{972DB89D-5806-5BE2-52CB-52A7328FB11F}.Release|Any CPU.ActiveCfg = Release|Any CPU
		{972DB89D-5806-5BE2-52CB-52A7328FB11F}.Release|Any CPU.Build.0 = Release|Any CPU
		{231B7CDB-8321-1AE4-EEE4-28556AF19D69}.Debug|Any CPU.ActiveCfg = Debug|Any CPU
		{231B7CDB-8321-1AE4-EEE4-28556AF19D69}.Debug|Any CPU.Build.0 = Debug|Any CPU
		{231B7CDB-8321-1AE4-EEE4-28556AF19D69}.Release|Any CPU.ActiveCfg = Release|Any CPU
		{231B7CDB-8321-1AE4-EEE4-28556AF19D69}.Release|Any CPU.Build.0 = Release|Any CPU
		{12319B66-D903-DF28-46AB-4EAD81CB9385}.Debug|Any CPU.ActiveCfg = Debug|Any CPU
		{12319B66-D903-DF28-46AB-4EAD81CB9385}.Debug|Any CPU.Build.0 = Debug|Any CPU
		{12319B66-D903-DF28-46AB-4EAD81CB9385}.Release|Any CPU.ActiveCfg = Release|Any CPU
		{12319B66-D903-DF28-46AB-4EAD81CB9385}.Release|Any CPU.Build.0 = Release|Any CPU
	EndGlobalSection
	GlobalSection(SolutionProperties) = preSolution
		HideSolutionNode = FALSE
	EndGlobalSection
	GlobalSection(ExtensibilityGlobals) = postSolution
		SolutionGuid = {56F7F5FD-33BB-4DC4-A081-FE87436A2B42}
	EndGlobalSection
EndGlobal
